
Microsoft Visual Studio Solution File, Format Version 12.00
# Visual Studio 15
VisualStudioVersion = 15.0.28307.421
MinimumVisualStudioVersion = 10.0.40219.1
Project("{FAE04EC0-301F-11D3-BF4B-00C04F79EFBC}") = "lab1", "lab1\lab1.csproj", "{7F730C79-6EAF-481C-8CB2-EAE0CA2DF16B}"
EndProject
Project("{FAE04EC0-301F-11D3-BF4B-00C04F79EFBC}") = "lab2", "lab2\lab2.csproj", "{4DA24E4D-7AAF-4CDB-B274-05D1955C02C8}"
EndProject
Project("{FAE04EC0-301F-11D3-BF4B-00C04F79EFBC}") = "lab3", "lab3\lab3.csproj", "{7C6E39AD-8251-4B70-B103-CFCDB611C094}"
EndProject
Project("{FAE04EC0-301F-11D3-BF4B-00C04F79EFBC}") = "XMLRPCClient", "XMLRPCClient\XMLRPCClient\XMLRPCClient.csproj", "{DE318B4B-FA75-424C-83F8-B7485371235A}"
EndProject
Project("{FAE04EC0-301F-11D3-BF4B-00C04F79EFBC}") = "XMLRPCServer", "XMLRPCServer\XMLRPCServer\XMLRPCServer.csproj", "{32FAB9D0-1735-4AC3-AF94-7DD63CDBF993}"
EndProject
Project("{FAE04EC0-301F-11D3-BF4B-00C04F79EFBC}") = "lab6", "lab6\lab6.csproj", "{625F0D6E-90C2-48F5-9E3C-566E3D1E32AA}"
EndProject
Project("{FAE04EC0-301F-11D3-BF4B-00C04F79EFBC}") = "Algorithm", "Algorithm\Algorithm.csproj", "{5D785219-B77B-4350-BA0B-2F5FA60DEA41}"
EndProject
Project("{FAE04EC0-301F-11D3-BF4B-00C04F79EFBC}") = "Client", "Client\Client.csproj", "{B397CDB1-6EFA-4CEA-9571-48C3B163548E}"
	ProjectSection(ProjectDependencies) = postProject
		{5D785219-B77B-4350-BA0B-2F5FA60DEA41} = {5D785219-B77B-4350-BA0B-2F5FA60DEA41}
	EndProjectSection
EndProject
Global
	GlobalSection(SolutionConfigurationPlatforms) = preSolution
		Debug|Any CPU = Debug|Any CPU
		Release|Any CPU = Release|Any CPU
	EndGlobalSection
	GlobalSection(ProjectConfigurationPlatforms) = postSolution
		{7F730C79-6EAF-481C-8CB2-EAE0CA2DF16B}.Debug|Any CPU.ActiveCfg = Debug|Any CPU
		{7F730C79-6EAF-481C-8CB2-EAE0CA2DF16B}.Debug|Any CPU.Build.0 = Debug|Any CPU
		{7F730C79-6EAF-481C-8CB2-EAE0CA2DF16B}.Release|Any CPU.ActiveCfg = Release|Any CPU
		{7F730C79-6EAF-481C-8CB2-EAE0CA2DF16B}.Release|Any CPU.Build.0 = Release|Any CPU
		{4DA24E4D-7AAF-4CDB-B274-05D1955C02C8}.Debug|Any CPU.ActiveCfg = Debug|Any CPU
		{4DA24E4D-7AAF-4CDB-B274-05D1955C02C8}.Debug|Any CPU.Build.0 = Debug|Any CPU
		{4DA24E4D-7AAF-4CDB-B274-05D1955C02C8}.Release|Any CPU.ActiveCfg = Release|Any CPU
		{4DA24E4D-7AAF-4CDB-B274-05D1955C02C8}.Release|Any CPU.Build.0 = Release|Any CPU
		{7C6E39AD-8251-4B70-B103-CFCDB611C094}.Debug|Any CPU.ActiveCfg = Debug|Any CPU
		{7C6E39AD-8251-4B70-B103-CFCDB611C094}.Debug|Any CPU.Build.0 = Debug|Any CPU
		{7C6E39AD-8251-4B70-B103-CFCDB611C094}.Release|Any CPU.ActiveCfg = Release|Any CPU
		{7C6E39AD-8251-4B70-B103-CFCDB611C094}.Release|Any CPU.Build.0 = Release|Any CPU
		{DE318B4B-FA75-424C-83F8-B7485371235A}.Debug|Any CPU.ActiveCfg = Debug|Any CPU
		{DE318B4B-FA75-424C-83F8-B7485371235A}.Debug|Any CPU.Build.0 = Debug|Any CPU
		{DE318B4B-FA75-424C-83F8-B7485371235A}.Release|Any CPU.ActiveCfg = Release|Any CPU
		{DE318B4B-FA75-424C-83F8-B7485371235A}.Release|Any CPU.Build.0 = Release|Any CPU
		{32FAB9D0-1735-4AC3-AF94-7DD63CDBF993}.Debug|Any CPU.ActiveCfg = Debug|Any CPU
		{32FAB9D0-1735-4AC3-AF94-7DD63CDBF993}.Debug|Any CPU.Build.0 = Debug|Any CPU
		{32FAB9D0-1735-4AC3-AF94-7DD63CDBF993}.Release|Any CPU.ActiveCfg = Release|Any CPU
		{32FAB9D0-1735-4AC3-AF94-7DD63CDBF993}.Release|Any CPU.Build.0 = Release|Any CPU
		{625F0D6E-90C2-48F5-9E3C-566E3D1E32AA}.Debug|Any CPU.ActiveCfg = Debug|Any CPU
		{625F0D6E-90C2-48F5-9E3C-566E3D1E32AA}.Debug|Any CPU.Build.0 = Debug|Any CPU
		{625F0D6E-90C2-48F5-9E3C-566E3D1E32AA}.Release|Any CPU.ActiveCfg = Release|Any CPU
		{625F0D6E-90C2-48F5-9E3C-566E3D1E32AA}.Release|Any CPU.Build.0 = Release|Any CPU
		{5D785219-B77B-4350-BA0B-2F5FA60DEA41}.Debug|Any CPU.ActiveCfg = Debug|Any CPU
		{5D785219-B77B-4350-BA0B-2F5FA60DEA41}.Debug|Any CPU.Build.0 = Debug|Any CPU
		{5D785219-B77B-4350-BA0B-2F5FA60DEA41}.Release|Any CPU.ActiveCfg = Release|Any CPU
		{5D785219-B77B-4350-BA0B-2F5FA60DEA41}.Release|Any CPU.Build.0 = Release|Any CPU
		{B397CDB1-6EFA-4CEA-9571-48C3B163548E}.Debug|Any CPU.ActiveCfg = Debug|Any CPU
		{B397CDB1-6EFA-4CEA-9571-48C3B163548E}.Debug|Any CPU.Build.0 = Debug|Any CPU
		{B397CDB1-6EFA-4CEA-9571-48C3B163548E}.Release|Any CPU.ActiveCfg = Release|Any CPU
		{B397CDB1-6EFA-4CEA-9571-48C3B163548E}.Release|Any CPU.Build.0 = Release|Any CPU
	EndGlobalSection
	GlobalSection(SolutionProperties) = preSolution
		HideSolutionNode = FALSE
	EndGlobalSection
	GlobalSection(ExtensibilityGlobals) = postSolution
		SolutionGuid = {C859CE35-E426-4D6E-9B54-EA2EC915131D}
	EndGlobalSection
EndGlobal
