
Microsoft Visual Studio Solution File, Format Version 12.00
# Visual Studio 15
VisualStudioVersion = 15.0.28307.421
MinimumVisualStudioVersion = 10.0.40219.1
Project("{FAE04EC0-301F-11D3-BF4B-00C04F79EFBC}") = "lab1", "lab1\lab1.csproj", "{7F730C79-6EAF-481C-8CB2-EAE0CA2DF16B}"
EndProject
Project("{FAE04EC0-301F-11D3-BF4B-00C04F79EFBC}") = "lab2", "lab2\lab2.csproj", "{4DA24E4D-7AAF-4CDB-B274-05D1955C02C8}"
EndProject
Project("{FAE04EC0-301F-11D3-BF4B-00C04F79EFBC}") = "lab3", "lab3\lab3.csproj", "{7C6E39AD-8251-4B70-B103-CFCDB611C094}"
EndProject
Global
	GlobalSection(SolutionConfigurationPlatforms) = preSolution
		Debug|Any CPU = Debug|Any CPU
		Release|Any CPU = Release|Any CPU
	EndGlobalSection
	GlobalSection(ProjectConfigurationPlatforms) = postSolution
		{7F730C79-6EAF-481C-8CB2-EAE0CA2DF16B}.Debug|Any CPU.ActiveCfg = Debug|Any CPU
		{7F730C79-6EAF-481C-8CB2-EAE0CA2DF16B}.Debug|Any CPU.Build.0 = Debug|Any CPU
		{7F730C79-6EAF-481C-8CB2-EAE0CA2DF16B}.Release|Any CPU.ActiveCfg = Release|Any CPU
		{7F730C79-6EAF-481C-8CB2-EAE0CA2DF16B}.Release|Any CPU.Build.0 = Release|Any CPU
		{4DA24E4D-7AAF-4CDB-B274-05D1955C02C8}.Debug|Any CPU.ActiveCfg = Debug|Any CPU
		{4DA24E4D-7AAF-4CDB-B274-05D1955C02C8}.Debug|Any CPU.Build.0 = Debug|Any CPU
		{4DA24E4D-7AAF-4CDB-B274-05D1955C02C8}.Release|Any CPU.ActiveCfg = Release|Any CPU
		{4DA24E4D-7AAF-4CDB-B274-05D1955C02C8}.Release|Any CPU.Build.0 = Release|Any CPU
		{7C6E39AD-8251-4B70-B103-CFCDB611C094}.Debug|Any CPU.ActiveCfg = Debug|Any CPU
		{7C6E39AD-8251-4B70-B103-CFCDB611C094}.Debug|Any CPU.Build.0 = Debug|Any CPU
		{7C6E39AD-8251-4B70-B103-CFCDB611C094}.Release|Any CPU.ActiveCfg = Release|Any CPU
		{7C6E39AD-8251-4B70-B103-CFCDB611C094}.Release|Any CPU.Build.0 = Release|Any CPU
	EndGlobalSection
	GlobalSection(SolutionProperties) = preSolution
		HideSolutionNode = FALSE
	EndGlobalSection
	GlobalSection(ExtensibilityGlobals) = postSolution
		SolutionGuid = {C859CE35-E426-4D6E-9B54-EA2EC915131D}
	EndGlobalSection
EndGlobal
